
Microsoft Visual Studio Solution File, Format Version 12.00
# Visual Studio 2012
Project("{FAE04EC0-301F-11D3-BF4B-00C04F79EFBC}") = "Windows-fileExplorer", "Windows-fileExplorer\Windows-fileExplorer.csproj", "{13CEF215-AA15-4477-A191-DA03BD4FD283}"
EndProject
Global
	GlobalSection(SolutionConfigurationPlatforms) = preSolution
		Debug|Any CPU = Debug|Any CPU
		Release|Any CPU = Release|Any CPU
	EndGlobalSection
	GlobalSection(ProjectConfigurationPlatforms) = postSolution
		{13CEF215-AA15-4477-A191-DA03BD4FD283}.Debug|Any CPU.ActiveCfg = Debug|Any CPU
		{13CEF215-AA15-4477-A191-DA03BD4FD283}.Debug|Any CPU.Build.0 = Debug|Any CPU
		{13CEF215-AA15-4477-A191-DA03BD4FD283}.Release|Any CPU.ActiveCfg = Release|Any CPU
		{13CEF215-AA15-4477-A191-DA03BD4FD283}.Release|Any CPU.Build.0 = Release|Any CPU
	EndGlobalSection
	GlobalSection(SolutionProperties) = preSolution
		HideSolutionNode = FALSE
	EndGlobalSection
EndGlobal
